
Microsoft Visual Studio Solution File, Format Version 12.00
# Visual Studio Version 16
VisualStudioVersion = 16.0.31729.503
MinimumVisualStudioVersion = 10.0.40219.1
Project("{FAE04EC0-301F-11D3-BF4B-00C04F79EFBC}") = "AppSenaJmoc", "AppSenaJmoc.csproj", "{D351B514-374B-486E-9C56-77240FFA0385}"
EndProject
Global
	GlobalSection(SolutionConfigurationPlatforms) = preSolution
		Debug|Any CPU = Debug|Any CPU
		Release|Any CPU = Release|Any CPU
	EndGlobalSection
	GlobalSection(ProjectConfigurationPlatforms) = postSolution
		{D351B514-374B-486E-9C56-77240FFA0385}.Debug|Any CPU.ActiveCfg = Debug|Any CPU
		{D351B514-374B-486E-9C56-77240FFA0385}.Debug|Any CPU.Build.0 = Debug|Any CPU
		{D351B514-374B-486E-9C56-77240FFA0385}.Release|Any CPU.ActiveCfg = Release|Any CPU
		{D351B514-374B-486E-9C56-77240FFA0385}.Release|Any CPU.Build.0 = Release|Any CPU
	EndGlobalSection
	GlobalSection(SolutionProperties) = preSolution
		HideSolutionNode = FALSE
	EndGlobalSection
	GlobalSection(ExtensibilityGlobals) = postSolution
		SolutionGuid = {19065333-FF48-41B6-8059-311DA86BFB4D}
	EndGlobalSection
EndGlobal
